
Microsoft Visual Studio Solution File, Format Version 12.00
# Visual Studio Version 17
VisualStudioVersion = 17.7.34202.233
MinimumVisualStudioVersion = 10.0.40219.1
Project("{8BC9CEB8-8B4A-11D0-8D11-00A0C91BC942}") = "01_外观模式", "01_外观模式\01_外观模式.vcxproj", "{FE92B439-8429-4FBD-9501-CD7F238F258F}"
EndProject
Project("{8BC9CEB8-8B4A-11D0-8D11-00A0C91BC942}") = "02_适配器模式", "..\02_适配器模式\02_适配器模式.vcxproj", "{31D46FA2-73C1-4551-B3D7-4A4FB6B69886}"
EndProject
Project("{8BC9CEB8-8B4A-11D0-8D11-00A0C91BC942}") = "03_模板方法模式", "..\03_模板方法模式\03_模板方法模式.vcxproj", "{B38A56C1-06B4-4309-A102-00A6CE8E9B46}"
EndProject
Project("{8BC9CEB8-8B4A-11D0-8D11-00A0C91BC942}") = "04_策略模式", "..\04_策略模式\04_策略模式.vcxproj", "{2DF94D12-569D-430F-BF6F-A4ECEDF5F3EB}"
EndProject
Project("{8BC9CEB8-8B4A-11D0-8D11-00A0C91BC942}") = "05_命令模式", "..\05_命令模式\05_命令模式.vcxproj", "{649D8FD2-4081-48F3-9441-FBDD9CCE3130}"
EndProject
Project("{8BC9CEB8-8B4A-11D0-8D11-00A0C91BC942}") = "06_观察者模式", "..\06_观察者模式\06_观察者模式.vcxproj", "{F16DAE8E-F4ED-4E78-BB7A-D4540DBEC575}"
EndProject
Project("{8BC9CEB8-8B4A-11D0-8D11-00A0C91BC942}") = "07_装饰模式", "..\07_装饰模式\07_装饰模式.vcxproj", "{B9CD2094-BE18-418A-AC5E-8A175641B624}"
EndProject
Global
	GlobalSection(SolutionConfigurationPlatforms) = preSolution
		Debug|x64 = Debug|x64
		Debug|x86 = Debug|x86
		Release|x64 = Release|x64
		Release|x86 = Release|x86
	EndGlobalSection
	GlobalSection(ProjectConfigurationPlatforms) = postSolution
		{FE92B439-8429-4FBD-9501-CD7F238F258F}.Debug|x64.ActiveCfg = Debug|x64
		{FE92B439-8429-4FBD-9501-CD7F238F258F}.Debug|x64.Build.0 = Debug|x64
		{FE92B439-8429-4FBD-9501-CD7F238F258F}.Debug|x86.ActiveCfg = Debug|Win32
		{FE92B439-8429-4FBD-9501-CD7F238F258F}.Debug|x86.Build.0 = Debug|Win32
		{FE92B439-8429-4FBD-9501-CD7F238F258F}.Release|x64.ActiveCfg = Release|x64
		{FE92B439-8429-4FBD-9501-CD7F238F258F}.Release|x64.Build.0 = Release|x64
		{FE92B439-8429-4FBD-9501-CD7F238F258F}.Release|x86.ActiveCfg = Release|Win32
		{FE92B439-8429-4FBD-9501-CD7F238F258F}.Release|x86.Build.0 = Release|Win32
		{31D46FA2-73C1-4551-B3D7-4A4FB6B69886}.Debug|x64.ActiveCfg = Debug|x64
		{31D46FA2-73C1-4551-B3D7-4A4FB6B69886}.Debug|x64.Build.0 = Debug|x64
		{31D46FA2-73C1-4551-B3D7-4A4FB6B69886}.Debug|x86.ActiveCfg = Debug|Win32
		{31D46FA2-73C1-4551-B3D7-4A4FB6B69886}.Debug|x86.Build.0 = Debug|Win32
		{31D46FA2-73C1-4551-B3D7-4A4FB6B69886}.Release|x64.ActiveCfg = Release|x64
		{31D46FA2-73C1-4551-B3D7-4A4FB6B69886}.Release|x64.Build.0 = Release|x64
		{31D46FA2-73C1-4551-B3D7-4A4FB6B69886}.Release|x86.ActiveCfg = Release|Win32
		{31D46FA2-73C1-4551-B3D7-4A4FB6B69886}.Release|x86.Build.0 = Release|Win32
		{B38A56C1-06B4-4309-A102-00A6CE8E9B46}.Debug|x64.ActiveCfg = Debug|x64
		{B38A56C1-06B4-4309-A102-00A6CE8E9B46}.Debug|x64.Build.0 = Debug|x64
		{B38A56C1-06B4-4309-A102-00A6CE8E9B46}.Debug|x86.ActiveCfg = Debug|Win32
		{B38A56C1-06B4-4309-A102-00A6CE8E9B46}.Debug|x86.Build.0 = Debug|Win32
		{B38A56C1-06B4-4309-A102-00A6CE8E9B46}.Release|x64.ActiveCfg = Release|x64
		{B38A56C1-06B4-4309-A102-00A6CE8E9B46}.Release|x64.Build.0 = Release|x64
		{B38A56C1-06B4-4309-A102-00A6CE8E9B46}.Release|x86.ActiveCfg = Release|Win32
		{B38A56C1-06B4-4309-A102-00A6CE8E9B46}.Release|x86.Build.0 = Release|Win32
		{2DF94D12-569D-430F-BF6F-A4ECEDF5F3EB}.Debug|x64.ActiveCfg = Debug|x64
		{2DF94D12-569D-430F-BF6F-A4ECEDF5F3EB}.Debug|x64.Build.0 = Debug|x64
		{2DF94D12-569D-430F-BF6F-A4ECEDF5F3EB}.Debug|x86.ActiveCfg = Debug|Win32
		{2DF94D12-569D-430F-BF6F-A4ECEDF5F3EB}.Debug|x86.Build.0 = Debug|Win32
		{2DF94D12-569D-430F-BF6F-A4ECEDF5F3EB}.Release|x64.ActiveCfg = Release|x64
		{2DF94D12-569D-430F-BF6F-A4ECEDF5F3EB}.Release|x64.Build.0 = Release|x64
		{2DF94D12-569D-430F-BF6F-A4ECEDF5F3EB}.Release|x86.ActiveCfg = Release|Win32
		{2DF94D12-569D-430F-BF6F-A4ECEDF5F3EB}.Release|x86.Build.0 = Release|Win32
		{649D8FD2-4081-48F3-9441-FBDD9CCE3130}.Debug|x64.ActiveCfg = Debug|x64
		{649D8FD2-4081-48F3-9441-FBDD9CCE3130}.Debug|x64.Build.0 = Debug|x64
		{649D8FD2-4081-48F3-9441-FBDD9CCE3130}.Debug|x86.ActiveCfg = Debug|Win32
		{649D8FD2-4081-48F3-9441-FBDD9CCE3130}.Debug|x86.Build.0 = Debug|Win32
		{649D8FD2-4081-48F3-9441-FBDD9CCE3130}.Release|x64.ActiveCfg = Release|x64
		{649D8FD2-4081-48F3-9441-FBDD9CCE3130}.Release|x64.Build.0 = Release|x64
		{649D8FD2-4081-48F3-9441-FBDD9CCE3130}.Release|x86.ActiveCfg = Release|Win32
		{649D8FD2-4081-48F3-9441-FBDD9CCE3130}.Release|x86.Build.0 = Release|Win32
		{F16DAE8E-F4ED-4E78-BB7A-D4540DBEC575}.Debug|x64.ActiveCfg = Debug|x64
		{F16DAE8E-F4ED-4E78-BB7A-D4540DBEC575}.Debug|x64.Build.0 = Debug|x64
		{F16DAE8E-F4ED-4E78-BB7A-D4540DBEC575}.Debug|x86.ActiveCfg = Debug|Win32
		{F16DAE8E-F4ED-4E78-BB7A-D4540DBEC575}.Debug|x86.Build.0 = Debug|Win32
		{F16DAE8E-F4ED-4E78-BB7A-D4540DBEC575}.Release|x64.ActiveCfg = Release|x64
		{F16DAE8E-F4ED-4E78-BB7A-D4540DBEC575}.Release|x64.Build.0 = Release|x64
		{F16DAE8E-F4ED-4E78-BB7A-D4540DBEC575}.Release|x86.ActiveCfg = Release|Win32
		{F16DAE8E-F4ED-4E78-BB7A-D4540DBEC575}.Release|x86.Build.0 = Release|Win32
		{B9CD2094-BE18-418A-AC5E-8A175641B624}.Debug|x64.ActiveCfg = Debug|x64
		{B9CD2094-BE18-418A-AC5E-8A175641B624}.Debug|x64.Build.0 = Debug|x64
		{B9CD2094-BE18-418A-AC5E-8A175641B624}.Debug|x86.ActiveCfg = Debug|Win32
		{B9CD2094-BE18-418A-AC5E-8A175641B624}.Debug|x86.Build.0 = Debug|Win32
		{B9CD2094-BE18-418A-AC5E-8A175641B624}.Release|x64.ActiveCfg = Release|x64
		{B9CD2094-BE18-418A-AC5E-8A175641B624}.Release|x64.Build.0 = Release|x64
		{B9CD2094-BE18-418A-AC5E-8A175641B624}.Release|x86.ActiveCfg = Release|Win32
		{B9CD2094-BE18-418A-AC5E-8A175641B624}.Release|x86.Build.0 = Release|Win32
	EndGlobalSection
	GlobalSection(SolutionProperties) = preSolution
		HideSolutionNode = FALSE
	EndGlobalSection
	GlobalSection(ExtensibilityGlobals) = postSolution
		SolutionGuid = {1D0D06F9-4A73-49C6-80F2-B3253231E968}
	EndGlobalSection
EndGlobal
